
Microsoft Visual Studio Solution File, Format Version 12.00
# Visual Studio Version 17
VisualStudioVersion = 17.1.32210.238
MinimumVisualStudioVersion = 10.0.40219.1
Project("{FAE04EC0-301F-11D3-BF4B-00C04F79EFBC}") = "modull2_1302201133", "modull2_1302201133\modull2_1302201133.csproj", "{F9054935-83AF-45D2-8FA8-F86A8BF95612}"
EndProject
Global
	GlobalSection(SolutionConfigurationPlatforms) = preSolution
		Debug|Any CPU = Debug|Any CPU
		Release|Any CPU = Release|Any CPU
	EndGlobalSection
	GlobalSection(ProjectConfigurationPlatforms) = postSolution
		{F9054935-83AF-45D2-8FA8-F86A8BF95612}.Debug|Any CPU.ActiveCfg = Debug|Any CPU
		{F9054935-83AF-45D2-8FA8-F86A8BF95612}.Debug|Any CPU.Build.0 = Debug|Any CPU
		{F9054935-83AF-45D2-8FA8-F86A8BF95612}.Release|Any CPU.ActiveCfg = Release|Any CPU
		{F9054935-83AF-45D2-8FA8-F86A8BF95612}.Release|Any CPU.Build.0 = Release|Any CPU
	EndGlobalSection
	GlobalSection(SolutionProperties) = preSolution
		HideSolutionNode = FALSE
	EndGlobalSection
	GlobalSection(ExtensibilityGlobals) = postSolution
		SolutionGuid = {6DC40CEA-88CA-4565-8BEB-F26387E1FB73}
	EndGlobalSection
EndGlobal
